
Microsoft Visual Studio Solution File, Format Version 12.00
# Visual Studio Version 17
VisualStudioVersion = 17.1.32319.34
MinimumVisualStudioVersion = 10.0.40219.1
Project("{9A19103F-16F7-4668-BE54-9A1E7A4F7556}") = "Minecreaft-Fishing-Bot", "Minecreaft-Fishing-Bot\Minecreaft-Fishing-Bot.csproj", "{AC866173-089A-4A50-8D5A-747E3BCE3F37}"
EndProject
Project("{2150E333-8FDC-42A3-9474-1A3956D46DE8}") = "Solution Items", "Solution Items", "{E709B5B3-34D0-4590-9988-537627D00493}"
	ProjectSection(SolutionItems) = preProject
		.gitignore = .gitignore
	EndProjectSection
EndProject
Global
	GlobalSection(SolutionConfigurationPlatforms) = preSolution
		Debug|Any CPU = Debug|Any CPU
		Release|Any CPU = Release|Any CPU
	EndGlobalSection
	GlobalSection(ProjectConfigurationPlatforms) = postSolution
		{AC866173-089A-4A50-8D5A-747E3BCE3F37}.Debug|Any CPU.ActiveCfg = Debug|Any CPU
		{AC866173-089A-4A50-8D5A-747E3BCE3F37}.Debug|Any CPU.Build.0 = Debug|Any CPU
		{AC866173-089A-4A50-8D5A-747E3BCE3F37}.Release|Any CPU.ActiveCfg = Release|Any CPU
		{AC866173-089A-4A50-8D5A-747E3BCE3F37}.Release|Any CPU.Build.0 = Release|Any CPU
	EndGlobalSection
	GlobalSection(SolutionProperties) = preSolution
		HideSolutionNode = FALSE
	EndGlobalSection
	GlobalSection(ExtensibilityGlobals) = postSolution
		SolutionGuid = {3DACAC8C-7DC4-4D01-9D2B-CBB46A15B6A7}
	EndGlobalSection
EndGlobal
